
Microsoft Visual Studio Solution File, Format Version 12.00
# Visual Studio Version 17
VisualStudioVersion = 17.6.33829.357
MinimumVisualStudioVersion = 10.0.40219.1
Project("{9A19103F-16F7-4668-BE54-9A1E7A4F7556}") = "RenSharpServer", "RenSharpServer\RenSharpServer.csproj", "{C7799B4C-E95B-4666-9B3F-4294602DE6B9}"
EndProject
Project("{9A19103F-16F7-4668-BE54-9A1E7A4F7556}") = "DAL", "DAL\DAL.csproj", "{A33C4F20-5CE1-423E-B096-085EE3EBC289}"
EndProject
Project("{E53339B2-1760-4266-BCC7-CA923CBCF16C}") = "docker-compose", "docker-compose.dcproj", "{EA352B7A-9A00-475E-A967-E0BC60648AA4}"
EndProject
Global
	GlobalSection(SolutionConfigurationPlatforms) = preSolution
		Debug|Any CPU = Debug|Any CPU
		Release|Any CPU = Release|Any CPU
	EndGlobalSection
	GlobalSection(ProjectConfigurationPlatforms) = postSolution
		{C7799B4C-E95B-4666-9B3F-4294602DE6B9}.Debug|Any CPU.ActiveCfg = Debug|Any CPU
		{C7799B4C-E95B-4666-9B3F-4294602DE6B9}.Debug|Any CPU.Build.0 = Debug|Any CPU
		{C7799B4C-E95B-4666-9B3F-4294602DE6B9}.Release|Any CPU.ActiveCfg = Release|Any CPU
		{C7799B4C-E95B-4666-9B3F-4294602DE6B9}.Release|Any CPU.Build.0 = Release|Any CPU
		{A33C4F20-5CE1-423E-B096-085EE3EBC289}.Debug|Any CPU.ActiveCfg = Debug|Any CPU
		{A33C4F20-5CE1-423E-B096-085EE3EBC289}.Debug|Any CPU.Build.0 = Debug|Any CPU
		{A33C4F20-5CE1-423E-B096-085EE3EBC289}.Release|Any CPU.ActiveCfg = Release|Any CPU
		{A33C4F20-5CE1-423E-B096-085EE3EBC289}.Release|Any CPU.Build.0 = Release|Any CPU
		{EA352B7A-9A00-475E-A967-E0BC60648AA4}.Debug|Any CPU.ActiveCfg = Debug|Any CPU
		{EA352B7A-9A00-475E-A967-E0BC60648AA4}.Debug|Any CPU.Build.0 = Debug|Any CPU
		{EA352B7A-9A00-475E-A967-E0BC60648AA4}.Release|Any CPU.ActiveCfg = Release|Any CPU
		{EA352B7A-9A00-475E-A967-E0BC60648AA4}.Release|Any CPU.Build.0 = Release|Any CPU
	EndGlobalSection
	GlobalSection(SolutionProperties) = preSolution
		HideSolutionNode = FALSE
	EndGlobalSection
	GlobalSection(ExtensibilityGlobals) = postSolution
		SolutionGuid = {8056E46B-9F87-4DB8-9EE7-7347BEA8A601}
	EndGlobalSection
EndGlobal
